
Microsoft Visual Studio Solution File, Format Version 12.00
# Visual Studio 15
VisualStudioVersion = 15.0.26403.7
MinimumVisualStudioVersion = 10.0.40219.1
Project("{FAE04EC0-301F-11D3-BF4B-00C04F79EFBC}") = "xard", "xard\xard.csproj", "{261046D4-2518-4A90-8343-83E2777E7E36}"
EndProject
Project("{FAE04EC0-301F-11D3-BF4B-00C04F79EFBC}") = "xard.test", "xard.test\xard.test.csproj", "{CE5B2543-1B28-44F3-AD8A-A9317E8BB8A6}"
EndProject
Project("{FAE04EC0-301F-11D3-BF4B-00C04F79EFBC}") = "xard.sample", "xard.sample\xard.sample.csproj", "{53C28451-4AC4-4D80-8BDF-282B6F2E0252}"
EndProject
Global
	GlobalSection(SolutionConfigurationPlatforms) = preSolution
		Debug|Any CPU = Debug|Any CPU
		Release|Any CPU = Release|Any CPU
	EndGlobalSection
	GlobalSection(ProjectConfigurationPlatforms) = postSolution
		{261046D4-2518-4A90-8343-83E2777E7E36}.Debug|Any CPU.ActiveCfg = Debug|Any CPU
		{261046D4-2518-4A90-8343-83E2777E7E36}.Debug|Any CPU.Build.0 = Debug|Any CPU
		{261046D4-2518-4A90-8343-83E2777E7E36}.Release|Any CPU.ActiveCfg = Release|Any CPU
		{261046D4-2518-4A90-8343-83E2777E7E36}.Release|Any CPU.Build.0 = Release|Any CPU
		{CE5B2543-1B28-44F3-AD8A-A9317E8BB8A6}.Debug|Any CPU.ActiveCfg = Debug|Any CPU
		{CE5B2543-1B28-44F3-AD8A-A9317E8BB8A6}.Debug|Any CPU.Build.0 = Debug|Any CPU
		{CE5B2543-1B28-44F3-AD8A-A9317E8BB8A6}.Release|Any CPU.ActiveCfg = Release|Any CPU
		{CE5B2543-1B28-44F3-AD8A-A9317E8BB8A6}.Release|Any CPU.Build.0 = Release|Any CPU
		{53C28451-4AC4-4D80-8BDF-282B6F2E0252}.Debug|Any CPU.ActiveCfg = Debug|Any CPU
		{53C28451-4AC4-4D80-8BDF-282B6F2E0252}.Debug|Any CPU.Build.0 = Debug|Any CPU
		{53C28451-4AC4-4D80-8BDF-282B6F2E0252}.Release|Any CPU.ActiveCfg = Release|Any CPU
		{53C28451-4AC4-4D80-8BDF-282B6F2E0252}.Release|Any CPU.Build.0 = Release|Any CPU
	EndGlobalSection
	GlobalSection(SolutionProperties) = preSolution
		HideSolutionNode = FALSE
	EndGlobalSection
EndGlobal
